{
  "nodes": {
    "agenix": {
      "inputs": {
        "darwin": [
          "nix-darwin"
        ],
        "home-manager": [
          "home-manager"
        ],
        "nixpkgs": [
          "nixpkgs"
        ]
      },
      "locked": {
        "lastModified": 1790460690,
        "narHash": "sha256-5T54NUBA0c1eo7a8MMT1GOuFYsDqqa91rLWp7l/xPC8=",
        "owner": "ryantm",
        "repo": "agenix",
        "rev": "654f73179924797b0d5307105398aedfcdc10800",
        "type": "github"
      },
      "original": {
        "owner": "ryantm",
        "repo": "agenix",
        "type": "github"
      }
    },
    "bookmark-mirror": {
      "inputs": {
        "nixpkgs": [
          "nixpkgs"
        ]
      },
      "locked": {
        "lastModified": 1791223292,
        "narHash": "sha256-+uq0f5Zjl6Cac/VmBqR4MsXm8fpCZ2Uug6bHRut+xgo=",
        "owner": "alexjmiller5",
        "repo": "bookmark-mirror",
        "rev": "fbe49e3b12bcf34b33bf1bb6c2f8d852ca1f2791",
        "type": "github"
      },
      "original": {
        "owner": "alexjmiller5",
        "repo": "bookmark-mirror",
        "type": "github"
      }
    },
    "brew-src": {
      "flake": false,
      "locked": {
        "lastModified": 1789661079,
        "narHash": "sha256-geVTQ51PGZ1mLULM5k7wO7qt/6xenOR/YG8X7Q3eCaI=",
        "owner": "Homebrew",
        "repo": "brew",
        "rev": "edb70f031e4170c780799633a1226ff73e1077f4",
        "type": "github"
      },
      "original": {
        "owner": "Homebrew",
        "ref": "7.0.4",
        "repo": "brew",
        "type": "github"
      }
    },
    "callhistory-backup": {
      "locked": {
        "lastModified": 1784001751,
        "narHash": "sha256-Prph2M8vJ1Ur3Ze3cI4y+nUwkSpIyd9Ebmu7j6MJB6Y=",
        "owner": "alexjmiller5",
        "repo": "callhistory-backup",
        "rev": "fd99c65af9938e240207147c2296ff10b2d36675",
        "type": "github"
      },
      "original": {
        "owner": "alexjmiller5",
        "repo": "callhistory-backup",
        "type": "github"
      }
    },
    "cherri": {
      "inputs": {
        "flake-utils": "flake-utils",
        "nixpkgs": [
          "nixpkgs"
        ]
      },
      "locked": {
        "lastModified": 1790026447,
        "narHash": "sha256-2bmCUCr31gRPaR10Vh9KwdYRSD61ac+GZuDXmfZyKAY=",
        "owner": "electrikmilk",
        "repo": "cherri",
        "rev": "d96eee9c7768649d441df0166b68a7e3c742690c",
        "type": "github"
      },
      "original": {
        "owner": "electrikmilk",
        "repo": "cherri",
        "type": "github"
      }
    },
    "claude-plugin-ponytail": {
      "flake": false,
      "locked": {
        "lastModified": 1789396482,
        "narHash": "sha256-PES5XrSYx0VBXWVHEDRykGy0SAmJfV/luzy8Gfg0aAQ=",
        "owner": "DietrichGebert",
        "repo": "ponytail",
        "rev": "e3ba2aa6f1e6f0bc4d69eb09c9f0d0a93af56156",
        "type": "github"
      },
      "original": {
        "owner": "DietrichGebert",
        "repo": "ponytail",
        "type": "github"
      }
    },
    "claude-plugin-superpowers": {
      "flake": false,
      "locked": {
        "lastModified": 1790359587,
        "narHash": "sha256-BWPiXoXV+jePP+wn/Z+Af4iehIL7oei00plaWaTzq8s=",
        "owner": "obra",
        "repo": "superpowers",
        "rev": "8ca22dba9a94f28898bbce59f2537ff4d87c747d",
        "type": "github"
      },
      "original": {
        "owner": "obra",
        "repo": "superpowers",
        "type": "github"
      }
    },
    "claude-plugins-official": {
      "flake": false,
      "locked": {
        "lastModified": 1790377943,
        "narHash": "sha256-3vqb/valY5deB8JT0ckbzTZ1Anqy9aqXvkKWWfg86yQ=",
        "owner": "anthropics",
        "repo": "claude-plugins-official",
        "rev": "fa59bc9037741ecfa131aa27938272605710d7b2",
        "type": "github"
      },
      "original": {
        "owner": "anthropics",
        "repo": "claude-plugins-official",
        "type": "github"
      }
    },
    "cochlea": {
      "inputs": {
        "nixpkgs": [
          "nixpkgs"
        ]
      },
      "locked": {
        "lastModified": 1791378450,
        "narHash": "sha256-E8+KUKj/6nobC+6CwHgVS+BLdlmOXT55lgFLBrAVjqs=",
        "owner": "alexjmiller5",
        "repo": "cochlea",
        "rev": "cdcb26545f4d5246370726d73cd4b520850abb1e",
        "type": "github"
      },
      "original": {
        "owner": "alexjmiller5",
        "repo": "cochlea",
        "type": "github"
      }
    },
    "devshell": {
      "inputs": {
        "nixpkgs": [
          "mcp-nixos",
          "nixpkgs"
        ]
      },
      "locked": {
        "lastModified": 1768818222,
        "narHash": "sha256-460jc0+CZfyaO8+w8JNtlClB2n4ui1RbHfPTLkpwhU8=",
        "owner": "numtide",
        "repo": "devshell",
        "rev": "255a2b1725a20d060f566e4755dbf571bbbb5f76",
        "type": "github"
      },
      "original": {
        "owner": "numtide",
        "repo": "devshell",
        "type": "github"
      }
    },
    "flake-parts": {
      "inputs": {
        "nixpkgs-lib": [
          "nixpkgs"
        ]
      },
      "locked": {
        "lastModified": 1767609335,
        "narHash": "sha256-feveD98mQpptwrAEggBQKJTYbvwwglSbOv53uCfH9PY=",
        "owner": "hercules-ci",
        "repo": "flake-parts",
        "rev": "250481aafeb741edfe23d29195671c19b36b6dca",
        "type": "github"
      },
      "original": {
        "owner": "hercules-ci",
        "repo": "flake-parts",
        "type": "github"
      }
    },
    "flake-utils": {
      "inputs": {
        "systems": "systems"
      },
      "locked": {
        "lastModified": 1731533236,
        "narHash": "sha256-l0KFg5HjrsfsO/JpG+r7fRrqm12kzFHyUHqHCVpMMbI=",
        "owner": "numtide",
        "repo": "flake-utils",
        "rev": "11707dc2f618dd54ca8739b309ec4fc024de578b",
        "type": "github"
      },
      "original": {
        "owner": "numtide",
        "repo": "flake-utils",
        "type": "github"
      }
    },
    "flighty-sync": {
      "inputs": {
        "nixpkgs": [
          "nixpkgs"
        ],
        "pyproject-build-systems": "pyproject-build-systems",
        "pyproject-nix": "pyproject-nix",
        "uv2nix": "uv2nix"
      },
      "locked": {
        "lastModified": 1791400103,
        "narHash": "sha256-P+YHBwxkFL44adrONEYkyCozOeqXYmmUkTO3AJ8nKRA=",
        "owner": "alexjmiller5",
        "repo": "flighty-sync",
        "rev": "6facb041ade167b75ab0cd5a4d1b76dcdf8e5001",
        "type": "github"
      },
      "original": {
        "owner": "alexjmiller5",
        "repo": "flighty-sync",
        "type": "github"
      }
    },
    "home-manager": {
      "inputs": {
        "nixpkgs": [
          "nixpkgs"
        ]
      },
      "locked": {
        "lastModified": 1790365885,
        "narHash": "sha256-iQ0ebhiVo64NktTnwft9hNxlFu4j5cvljVxyJaEVIP4=",
        "owner": "nix-community",
        "repo": "home-manager",
        "rev": "7b4c5ec4bedaf1e062bbc1bcaeddbc6bd242aa1b",
        "type": "github"
      },
      "original": {
        "owner": "nix-community",
        "repo": "home-manager",
        "type": "github"
      }
    },
    "life-data": {
      "inputs": {
        "nixpkgs": [
          "nixpkgs"
        ]
      },
      "locked": {
        "lastModified": 1791496622,
        "narHash": "sha256-QpMg9LdSRQNPEWNNTfS2fG1Vwg48LeRHRP3V3Dvwu5I=",
        "owner": "alexjmiller5",
        "repo": "life-data",
        "rev": "5c7683cc33f42407ff5f4a24567e2ffb7fbb0221",
        "type": "github"
      },
      "original": {
        "owner": "alexjmiller5",
        "repo": "life-data",
        "type": "github"
      }
    },
    "life-ui": {
      "inputs": {
        "nixpkgs": [
          "nixpkgs"
        ],
        "tooling": "tooling"
      },
      "locked": {
        "lastModified": 1791487240,
        "narHash": "sha256-Pf9xo7lVlBJChIXVQZ2HJ7dtMRzWXKw0RVEORXRYWi8=",
        "owner": "alexjmiller5",
        "repo": "life-ui",
        "rev": "0e7262cf3d4913d440713a055ea9d41fa8f3dffe",
        "type": "github"
      },
      "original": {
        "owner": "alexjmiller5",
        "repo": "life-ui",
        "type": "github"
      }
    },
    "mcp-nixos": {
      "inputs": {
        "devshell": "devshell",
        "flake-parts": "flake-parts",
        "nixpkgs": [
          "nixpkgs"
        ]
      },
      "locked": {
        "lastModified": 1788575406,
        "narHash": "sha256-EjSyb5FcVnZOW0qFbcvxzor/je02duSe/RhJsL5p+14=",
        "owner": "utensils",
        "repo": "mcp-nixos",
        "rev": "6a517811658c21f97bd7703b35546085117fc310",
        "type": "github"
      },
      "original": {
        "owner": "utensils",
        "repo": "mcp-nixos",
        "type": "github"
      }
    },
    "media-center-youtube-offline": {
      "inputs": {
        "nixpkgs": [
          "nixpkgs"
        ],
        "pyproject-build-systems": "pyproject-build-systems_2",
        "pyproject-nix": "pyproject-nix_2",
        "uv2nix": "uv2nix_2"
      },
      "locked": {
        "dir": "jobs/youtube-offline",
        "lastModified": 1791494939,
        "narHash": "sha256-zp+v56+xsSqHt+kKOeEzRd2FSFw5/RooEPVj+DduhMY=",
        "owner": "alexjmiller5",
        "repo": "media-center",
        "rev": "612b8822ac6f96fa4292fb808becde3059c95a81",
        "type": "github"
      },
      "original": {
        "dir": "jobs/youtube-offline",
        "owner": "alexjmiller5",
        "repo": "media-center",
        "type": "github"
      }
    },
    "nix-darwin": {
      "inputs": {
        "nixpkgs": [
          "nixpkgs"
        ]
      },
      "locked": {
        "lastModified": 1786845137,
        "narHash": "sha256-oQFip+v0luP8NIxJzmiW4Wu8bILsbFWom5l0zonl8hQ=",
        "owner": "nix-darwin",
        "repo": "nix-darwin",
        "rev": "4cff07de74b50e64bdd68cd4e722ab5b6b35ee48",
        "type": "github"
      },
      "original": {
        "owner": "nix-darwin",
        "ref": "master",
        "repo": "nix-darwin",
        "type": "github"
      }
    },
    "nix-homebrew": {
      "inputs": {
        "brew-src": "brew-src"
      },
      "locked": {
        "lastModified": 1789928041,
        "narHash": "sha256-iV37ieTcE4ZLOYEe0VznW6dWMBe4lEL8AbK1vblyZGM=",
        "owner": "zhaofengli",
        "repo": "nix-homebrew",
        "rev": "c11cccfdd36dd69b5323d70d354b2853379c2426",
        "type": "github"
      },
      "original": {
        "owner": "zhaofengli",
        "repo": "nix-homebrew",
        "type": "github"
      }
    },
    "nix-openclaw-tools": {
      "inputs": {
        "nixpkgs": [
          "nixpkgs"
        ]
      },
      "locked": {
        "lastModified": 1790412863,
        "narHash": "sha256-VyrWEA+zKMm2iICZMMOJoZVgGeGQwMSpW0BwwWlVLkE=",
        "owner": "openclaw",
        "repo": "nix-openclaw-tools",
        "rev": "d188833d488c4e90366114b3f06d78fa67d7dfe8",
        "type": "github"
      },
      "original": {
        "owner": "openclaw",
        "repo": "nix-openclaw-tools",
        "type": "github"
      }
    },
    "nix-vscode-extensions": {
      "inputs": {
        "nixpkgs": [
          "nixpkgs"
        ]
      },
      "locked": {
        "lastModified": 1790484467,
        "narHash": "sha256-91r64q79kYZT8Y+sr7Rdrw09l7de8xFUoHHDkmaeTOs=",
        "owner": "nix-community",
        "repo": "nix-vscode-extensions",
        "rev": "329083cd32e0afb6e51744421c9f0f71122c3ca1",
        "type": "github"
      },
      "original": {
        "owner": "nix-community",
        "repo": "nix-vscode-extensions",
        "type": "github"
      }
    },
    "nixpkgs": {
      "locked": {
        "lastModified": 1790480522,
        "narHash": "sha256-fXrm/q9klVBtVq5rGQ+XpI/dokPuSB15ZK2CZvWxXOk=",
        "owner": "NixOS",
        "repo": "nixpkgs",
        "rev": "8d5d270900d3fc75655ea2d9d248b234f6631439",
        "type": "github"
      },
      "original": {
        "owner": "NixOS",
        "ref": "nixpkgs-unstable",
        "repo": "nixpkgs",
        "type": "github"
      }
    },
    "nixpkgs_2": {
      "locked": {
        "lastModified": 1788746152,
        "narHash": "sha256-RaKngusl5I8pNi8RfrVvsHq3NZe7eFWzDlb01+hEVqY=",
        "owner": "NixOS",
        "repo": "nixpkgs",
        "rev": "42f17a57f4f6e33b3de3dca0a2a5ea5233169d02",
        "type": "github"
      },
      "original": {
        "owner": "NixOS",
        "ref": "nixpkgs-unstable",
        "repo": "nixpkgs",
        "type": "github"
      }
    },
    "nixpkgs_3": {
      "locked": {
        "lastModified": 1784115452,
        "narHash": "sha256-BoYPdqk6jlKXy+DyUzyGV/CtRGfAhk2MmIgBhsemTGI=",
        "owner": "NixOS",
        "repo": "nixpkgs",
        "rev": "35d3407a3816f3b341d8cf1d60abaf2b7b8166ac",
        "type": "github"
      },
      "original": {
        "owner": "NixOS",
        "ref": "nixpkgs-unstable",
        "repo": "nixpkgs",
        "type": "github"
      }
    },
    "page-archiver": {
      "inputs": {
        "nixpkgs": [
          "nixpkgs"
        ],
        "pyproject-build-systems": "pyproject-build-systems_3",
        "pyproject-nix": "pyproject-nix_3",
        "uv2nix": "uv2nix_3"
      },
      "locked": {
        "lastModified": 1791380926,
        "narHash": "sha256-U7ZCsUgYbKjOkEuSJk6/1LCOBW7ZjkEYeKB53NWWLZE=",
        "owner": "alexjmiller5",
        "repo": "page-archiver",
        "rev": "e3b73e8e50c0470a507e467cd52ab1bed0fea485",
        "type": "github"
      },
      "original": {
        "owner": "alexjmiller5",
        "repo": "page-archiver",
        "type": "github"
      }
    },
    "people-sync": {
      "inputs": {
        "nixpkgs": "nixpkgs_2"
      },
      "locked": {
        "lastModified": 1791238416,
        "narHash": "sha256-8IfWyCtOgAP0OYum2v3qGZdlpMythBemvnnpMZejhQ4=",
        "owner": "alexjmiller5",
        "repo": "people-sync",
        "rev": "5fd91de928f1bbe38ba71e47aa475b80ed407361",
        "type": "github"
      },
      "original": {
        "owner": "alexjmiller5",
        "repo": "people-sync",
        "type": "github"
      }
    },
    "pi": {
      "inputs": {
        "nixpkgs": [
          "nixpkgs"
        ],
        "nixpkgs-darwin-x64": [
          "nixpkgs"
        ]
      },
      "locked": {
        "lastModified": 1791228169,
        "narHash": "sha256-twDmQRr7vsrYzhS8o3TrlqdBzRFCbOOn/4hbCXD/u3Q=",
        "owner": "earendil-works",
        "repo": "pi",
        "rev": "7c10bd4337495ee613f2224843ecdf349b80d1df",
        "type": "github"
      },
      "original": {
        "owner": "earendil-works",
        "ref": "v1.0.4",
        "repo": "pi",
        "type": "github"
      }
    },
    "pi-calm": {
      "flake": false,
      "locked": {
        "lastModified": 1787813381,
        "narHash": "sha256-HMAoB+4aipZ0aFVTLjAODB2Fi5sVFBufI1P+PP8J7Og=",
        "owner": "kunchenguid",
        "repo": "dotfiles",
        "rev": "9a4a6387d0dd6f4bf9b8a5a732b406916bbbf95d",
        "type": "github"
      },
      "original": {
        "owner": "kunchenguid",
        "repo": "dotfiles",
        "type": "github"
      }
    },
    "pi-fast-mode": {
      "flake": false,
      "locked": {
        "lastModified": 1791159481,
        "narHash": "sha256-9UniGfsRHoC6SEbveRSMcRXh/2gUs8qJ3hULQQQvoRg=",
        "owner": "Jonghakseo",
        "repo": "pi-extension",
        "rev": "27d8cfb9bc4b4d27e526ae32de799b0d87e0f01d",
        "type": "github"
      },
      "original": {
        "owner": "Jonghakseo",
        "repo": "pi-extension",
        "type": "github"
      }
    },
    "pi-web-access": {
      "flake": false,
      "locked": {
        "lastModified": 1791240672,
        "narHash": "sha256-5Nv3bc7cfWjEBqlbZ1hn37lhzpgTvQwvMmSDv56rFTw=",
        "owner": "nicobailon",
        "repo": "pi-web-access",
        "rev": "3dd4c222a08475bc7cf350e4ad3310ce71ab12e4",
        "type": "github"
      },
      "original": {
        "owner": "nicobailon",
        "repo": "pi-web-access",
        "type": "github"
      }
    },
    "pyproject-build-systems": {
      "inputs": {
        "nixpkgs": [
          "flighty-sync",
          "nixpkgs"
        ],
        "pyproject-nix": [
          "flighty-sync",
          "pyproject-nix"
        ],
        "uv2nix": [
          "flighty-sync",
          "uv2nix"
        ]
      },
      "locked": {
        "lastModified": 1782093830,
        "narHash": "sha256-6gmEVe69+KlRkZD4PEEV5xAlB9CB0Y9TiuEgQjDrKTQ=",
        "owner": "pyproject-nix",
        "repo": "build-system-pkgs",
        "rev": "430680a19bc85a3bda55f12e4cc1a1aadcf2e478",
        "type": "github"
      },
      "original": {
        "owner": "pyproject-nix",
        "repo": "build-system-pkgs",
        "type": "github"
      }
    },
    "pyproject-build-systems_2": {
      "inputs": {
        "nixpkgs": [
          "media-center-youtube-offline",
          "nixpkgs"
        ],
        "pyproject-nix": [
          "media-center-youtube-offline",
          "pyproject-nix"
        ],
        "uv2nix": [
          "media-center-youtube-offline",
          "uv2nix"
        ]
      },
      "locked": {
        "lastModified": 1791170410,
        "narHash": "sha256-pyru9MpuXRiyq0Bd4q0nHpL4T6HCuZT4B+alcgAYE4A=",
        "owner": "pyproject-nix",
        "repo": "build-system-pkgs",
        "rev": "953d35d03a51dbecaf3feb3fb679eb63e90ebeb4",
        "type": "github"
      },
      "original": {
        "owner": "pyproject-nix",
        "repo": "build-system-pkgs",
        "type": "github"
      }
    },
    "pyproject-build-systems_3": {
      "inputs": {
        "nixpkgs": [
          "page-archiver",
          "nixpkgs"
        ],
        "pyproject-nix": [
          "page-archiver",
          "pyproject-nix"
        ],
        "uv2nix": [
          "page-archiver",
          "uv2nix"
        ]
      },
      "locked": {
        "lastModified": 1782093830,
        "narHash": "sha256-6gmEVe69+KlRkZD4PEEV5xAlB9CB0Y9TiuEgQjDrKTQ=",
        "owner": "pyproject-nix",
        "repo": "build-system-pkgs",
        "rev": "430680a19bc85a3bda55f12e4cc1a1aadcf2e478",
        "type": "github"
      },
      "original": {
        "owner": "pyproject-nix",
        "repo": "build-system-pkgs",
        "type": "github"
      }
    },
    "pyproject-build-systems_4": {
      "inputs": {
        "nixpkgs": [
          "sticker-sync",
          "nixpkgs"
        ],
        "pyproject-nix": [
          "sticker-sync",
          "pyproject-nix"
        ],
        "uv2nix": [
          "sticker-sync",
          "uv2nix"
        ]
      },
      "locked": {
        "lastModified": 1782093830,
        "narHash": "sha256-6gmEVe69+KlRkZD4PEEV5xAlB9CB0Y9TiuEgQjDrKTQ=",
        "owner": "pyproject-nix",
        "repo": "build-system-pkgs",
        "rev": "430680a19bc85a3bda55f12e4cc1a1aadcf2e478",
        "type": "github"
      },
      "original": {
        "owner": "pyproject-nix",
        "repo": "build-system-pkgs",
        "type": "github"
      }
    },
    "pyproject-nix": {
      "inputs": {
        "nixpkgs": [
          "flighty-sync",
          "nixpkgs"
        ]
      },
      "locked": {
        "lastModified": 1782905613,
        "narHash": "sha256-SvXJcAemihifkTn4BGvyE5K1FJX9bl4U8DQ5pqKvD0s=",
        "owner": "pyproject-nix",
        "repo": "pyproject.nix",
        "rev": "7af23cfe91064865ecf2e835da28b45b3c6f49fd",
        "type": "github"
      },
      "original": {
        "owner": "pyproject-nix",
        "repo": "pyproject.nix",
        "type": "github"
      }
    },
    "pyproject-nix_2": {
      "inputs": {
        "nixpkgs": [
          "media-center-youtube-offline",
          "nixpkgs"
        ]
      },
      "locked": {
        "lastModified": 1788394333,
        "narHash": "sha256-xYOP0Xym1eVGUaHFx+eJEaycFGoiCbst3fZf0xFHP78=",
        "owner": "pyproject-nix",
        "repo": "pyproject.nix",
        "rev": "6a8a7881d75b6f98967e7b8069f4ead331384301",
        "type": "github"
      },
      "original": {
        "owner": "pyproject-nix",
        "repo": "pyproject.nix",
        "type": "github"
      }
    },
    "pyproject-nix_3": {
      "inputs": {
        "nixpkgs": [
          "page-archiver",
          "nixpkgs"
        ]
      },
      "locked": {
        "lastModified": 1782905613,
        "narHash": "sha256-SvXJcAemihifkTn4BGvyE5K1FJX9bl4U8DQ5pqKvD0s=",
        "owner": "pyproject-nix",
        "repo": "pyproject.nix",
        "rev": "7af23cfe91064865ecf2e835da28b45b3c6f49fd",
        "type": "github"
      },
      "original": {
        "owner": "pyproject-nix",
        "repo": "pyproject.nix",
        "type": "github"
      }
    },
    "pyproject-nix_4": {
      "inputs": {
        "nixpkgs": [
          "sticker-sync",
          "nixpkgs"
        ]
      },
      "locked": {
        "lastModified": 1782905613,
        "narHash": "sha256-SvXJcAemihifkTn4BGvyE5K1FJX9bl4U8DQ5pqKvD0s=",
        "owner": "pyproject-nix",
        "repo": "pyproject.nix",
        "rev": "7af23cfe91064865ecf2e835da28b45b3c6f49fd",
        "type": "github"
      },
      "original": {
        "owner": "pyproject-nix",
        "repo": "pyproject.nix",
        "type": "github"
      }
    },
    "receptor": {
      "inputs": {
        "nixpkgs": [
          "nixpkgs"
        ]
      },
      "locked": {
        "lastModified": 1791383642,
        "narHash": "sha256-oGAxq3vr1z9e1RlZv4ICBf6aREm2/0tV8WAYfnNQvmg=",
        "owner": "alexjmiller5",
        "repo": "receptor",
        "rev": "8860fd6f379dc3c2ffe6ee76b9dc58f9edcbe32a",
        "type": "github"
      },
      "original": {
        "owner": "alexjmiller5",
        "repo": "receptor",
        "type": "github"
      }
    },
    "root": {
      "inputs": {
        "agenix": "agenix",
        "bookmark-mirror": "bookmark-mirror",
        "callhistory-backup": "callhistory-backup",
        "cherri": "cherri",
        "claude-plugin-ponytail": "claude-plugin-ponytail",
        "claude-plugin-superpowers": "claude-plugin-superpowers",
        "claude-plugins-official": "claude-plugins-official",
        "cochlea": "cochlea",
        "flighty-sync": "flighty-sync",
        "home-manager": "home-manager",
        "life-data": "life-data",
        "life-ui": "life-ui",
        "mcp-nixos": "mcp-nixos",
        "media-center-youtube-offline": "media-center-youtube-offline",
        "nix-darwin": "nix-darwin",
        "nix-homebrew": "nix-homebrew",
        "nix-openclaw-tools": "nix-openclaw-tools",
        "nix-vscode-extensions": "nix-vscode-extensions",
        "nixpkgs": "nixpkgs",
        "page-archiver": "page-archiver",
        "people-sync": "people-sync",
        "pi": "pi",
        "pi-calm": "pi-calm",
        "pi-fast-mode": "pi-fast-mode",
        "pi-web-access": "pi-web-access",
        "receptor": "receptor",
        "screentime-backup": "screentime-backup",
        "screentime-dashboard": "screentime-dashboard",
        "shared-album-reminders": "shared-album-reminders",
        "sticker-sync": "sticker-sync"
      }
    },
    "screentime-backup": {
      "locked": {
        "lastModified": 1788858534,
        "narHash": "sha256-zFfsGOV/pKlXJ5dyMBHDHlacFHnBZlFeB8F+2jlN3/w=",
        "owner": "alexjmiller5",
        "repo": "screentime-backup",
        "rev": "235205fbc05cf9461e0fa2a19d1954d000b7fb79",
        "type": "github"
      },
      "original": {
        "owner": "alexjmiller5",
        "repo": "screentime-backup",
        "type": "github"
      }
    },
    "screentime-dashboard": {
      "inputs": {
        "nixpkgs": [
          "nixpkgs"
        ]
      },
      "locked": {
        "lastModified": 1791385908,
        "narHash": "sha256-NRH+eiT3KEGeeUHtl8OWShqwGNZVdOWRXvn1M/Gw6N4=",
        "owner": "alexjmiller5",
        "repo": "screentime-dashboard",
        "rev": "cf3940e25fee5be8314d1f65ad0ff2cb860bc243",
        "type": "github"
      },
      "original": {
        "owner": "alexjmiller5",
        "repo": "screentime-dashboard",
        "type": "github"
      }
    },
    "shared-album-reminders": {
      "inputs": {
        "life-data": [
          "life-data"
        ],
        "nixpkgs": [
          "nixpkgs"
        ]
      },
      "locked": {
        "lastModified": 1791378549,
        "narHash": "sha256-SVh5HdJZ8yn+DUlOB4hUgnJDHerEbvnU4FuL17Q3BwA=",
        "owner": "alexjmiller5",
        "repo": "shared-album-reminders",
        "rev": "4b302d6858413f1b649a69c7a5b458b2a2390cf1",
        "type": "github"
      },
      "original": {
        "owner": "alexjmiller5",
        "repo": "shared-album-reminders",
        "type": "github"
      }
    },
    "sticker-sync": {
      "inputs": {
        "nixpkgs": "nixpkgs_3",
        "pyproject-build-systems": "pyproject-build-systems_4",
        "pyproject-nix": "pyproject-nix_4",
        "uv2nix": "uv2nix_4"
      },
      "locked": {
        "lastModified": 1788324814,
        "narHash": "sha256-4WSHYOQBrzYqCPCmZxRw7mM4VWAbIPuaynCSvWck0DQ=",
        "owner": "alexjmiller5",
        "repo": "sticker-sync",
        "rev": "5eb838fa6a27ef86329140cff135b5e3d8f72cce",
        "type": "github"
      },
      "original": {
        "owner": "alexjmiller5",
        "repo": "sticker-sync",
        "type": "github"
      }
    },
    "systems": {
      "locked": {
        "lastModified": 1681028828,
        "narHash": "sha256-Vy1rq5AaRuLzOxct8nz4T6wlgyUR7zLU309k9mBC768=",
        "owner": "nix-systems",
        "repo": "default",
        "rev": "da67096a3b9bf56a91d16901293e51ba5b49a27e",
        "type": "github"
      },
      "original": {
        "owner": "nix-systems",
        "repo": "default",
        "type": "github"
      }
    },
    "tooling": {
      "locked": {
        "lastModified": 1790480522,
        "narHash": "sha256-fXrm/q9klVBtVq5rGQ+XpI/dokPuSB15ZK2CZvWxXOk=",
        "owner": "NixOS",
        "repo": "nixpkgs",
        "rev": "8d5d270900d3fc75655ea2d9d248b234f6631439",
        "type": "github"
      },
      "original": {
        "owner": "NixOS",
        "repo": "nixpkgs",
        "rev": "8d5d270900d3fc75655ea2d9d248b234f6631439",
        "type": "github"
      }
    },
    "uv2nix": {
      "inputs": {
        "nixpkgs": [
          "flighty-sync",
          "nixpkgs"
        ],
        "pyproject-nix": [
          "flighty-sync",
          "pyproject-nix"
        ]
      },
      "locked": {
        "lastModified": 1783511944,
        "narHash": "sha256-Z/Ss9rWw9QYcRK+Qqkmty7PB1pIik5XGbrtit+ad2qs=",
        "owner": "pyproject-nix",
        "repo": "uv2nix",
        "rev": "83995ef5e4ece3c9c704aa645bbff439e15a0ac3",
        "type": "github"
      },
      "original": {
        "owner": "pyproject-nix",
        "repo": "uv2nix",
        "type": "github"
      }
    },
    "uv2nix_2": {
      "inputs": {
        "nixpkgs": [
          "media-center-youtube-offline",
          "nixpkgs"
        ],
        "pyproject-nix": [
          "media-center-youtube-offline",
          "pyproject-nix"
        ]
      },
      "locked": {
        "lastModified": 1790341335,
        "narHash": "sha256-wFnDm/o/4OebDlpGFyVXP8DLUx0/gR/jUFuGqmTwsQg=",
        "owner": "pyproject-nix",
        "repo": "uv2nix",
        "rev": "a24323e9e6ecbbf305c238845ff6c612d50467c0",
        "type": "github"
      },
      "original": {
        "owner": "pyproject-nix",
        "repo": "uv2nix",
        "type": "github"
      }
    },
    "uv2nix_3": {
      "inputs": {
        "nixpkgs": [
          "page-archiver",
          "nixpkgs"
        ],
        "pyproject-nix": [
          "page-archiver",
          "pyproject-nix"
        ]
      },
      "locked": {
        "lastModified": 1790341335,
        "narHash": "sha256-wFnDm/o/4OebDlpGFyVXP8DLUx0/gR/jUFuGqmTwsQg=",
        "owner": "pyproject-nix",
        "repo": "uv2nix",
        "rev": "a24323e9e6ecbbf305c238845ff6c612d50467c0",
        "type": "github"
      },
      "original": {
        "owner": "pyproject-nix",
        "repo": "uv2nix",
        "type": "github"
      }
    },
    "uv2nix_4": {
      "inputs": {
        "nixpkgs": [
          "sticker-sync",
          "nixpkgs"
        ],
        "pyproject-nix": [
          "sticker-sync",
          "pyproject-nix"
        ]
      },
      "locked": {
        "lastModified": 1790341335,
        "narHash": "sha256-wFnDm/o/4OebDlpGFyVXP8DLUx0/gR/jUFuGqmTwsQg=",
        "owner": "pyproject-nix",
        "repo": "uv2nix",
        "rev": "a24323e9e6ecbbf305c238845ff6c612d50467c0",
        "type": "github"
      },
      "original": {
        "owner": "pyproject-nix",
        "repo": "uv2nix",
        "type": "github"
      }
    }
  },
  "root": "root",
  "version": 7
}
